<Solution>
  <Project Path="G:/Dani_(idéglenes)/Suli/BME/3. Félév/SofTech/Hazi 2/Meterologia/ClassLibrary/ClassLibrary.csproj" />
  <Project Path="G:/Dani_(idéglenes)/Suli/BME/3. Félév/SofTech/Hazi 2/Meterologia/Systems/Program.csproj" />
  <Project Path="Tester/Tester.csproj" Id="4572e7db-007c-4c90-ac53-e329b474990d" />
</Solution>
